
Microsoft Visual Studio Solution File, Format Version 12.00
# Visual Studio Version 16
VisualStudioVersion = 16.0.30907.101
MinimumVisualStudioVersion = 10.0.40219.1
Project("{FAE04EC0-301F-11D3-BF4B-00C04F79EFBC}") = "WPC_Version_Information", "WPC_Version_Information.csproj", "{DB9B848E-E983-40F1-99FD-8EDECA95AE42}"
EndProject
Global
	GlobalSection(SolutionConfigurationPlatforms) = preSolution
		Debug|Any CPU = Debug|Any CPU
		Release|Any CPU = Release|Any CPU
	EndGlobalSection
	GlobalSection(ProjectConfigurationPlatforms) = postSolution
		{DB9B848E-E983-40F1-99FD-8EDECA95AE42}.Debug|Any CPU.ActiveCfg = Debug|Any CPU
		{DB9B848E-E983-40F1-99FD-8EDECA95AE42}.Debug|Any CPU.Build.0 = Debug|Any CPU
		{DB9B848E-E983-40F1-99FD-8EDECA95AE42}.Release|Any CPU.ActiveCfg = Release|Any CPU
		{DB9B848E-E983-40F1-99FD-8EDECA95AE42}.Release|Any CPU.Build.0 = Release|Any CPU
	EndGlobalSection
	GlobalSection(SolutionProperties) = preSolution
		HideSolutionNode = FALSE
	EndGlobalSection
	GlobalSection(ExtensibilityGlobals) = postSolution
		SolutionGuid = {43DD2DB6-5DDB-467D-8618-376D1A581C6F}
	EndGlobalSection
EndGlobal
